{
  "name": "rs-string-123",
  "version": "1.0.0",
  "lockfileVersion": 3,
  "requires": true,
  "packages": {
    "": {
      "name": "rs-string-123",
      "version": "1.0.0",
      "license": "ISC",
      "dependencies": {
        "product-preview": "^1.0.0",
        "rs-string-123": "^1.0.0",
        "trial_product_preview": "^1.0.0"
      }
    },
    "node_modules/product-preview": {
      "version": "1.0.0",
      "resolved": "https://registry.npmjs.org/product-preview/-/product-preview-1.0.0.tgz",
      "integrity": "sha512-Ip1gScPIRXP0AWvkGwMVCIdP6k1B38aWu/TFnO7XvtMA8mQu7hUNlf/cwUl0sIAbO968+2eC1AvszVhAjCkHAw=="
    },
    "node_modules/rs-string-123": {
      "version": "1.0.0",
      "resolved": "https://registry.npmjs.org/rs-string-123/-/rs-string-123-1.0.0.tgz",
      "integrity": "sha512-Q6BMOnWy2Kpht41JaaVp3W7sFk9zTj3i/TxLVmZ2nKyTfupoFmdbExbPwpetmMUihoWIkyIlKkcw0DCQcLENng=="
    },
    "node_modules/trial_product_preview": {
      "version": "1.0.0",
      "resolved": "https://registry.npmjs.org/trial_product_preview/-/trial_product_preview-1.0.0.tgz",
      "integrity": "sha512-VdcmGxTamX/NEwN4qf7d278zOb4OM59C37hF0K7zCjqu7dZfuvvmQqSELRrax8TOuQQTQn/HecjXAC/e+QPtVA=="
    }
  }
}
